{
  "name": "ls",
  "version": "1.0.0",
  "lockfileVersion": 1,
  "requires": true,
  "dependencies": {
    "elastos_carrier_addon": {
      "version": "0.0.4",
      "resolved": "https://registry.npmjs.org/elastos_carrier_addon/-/elastos_carrier_addon-0.0.4.tgz",
      "integrity": "sha512-dMIXt3YDFxgJbCK73RMYW/FrFmE21Zave/UCoX/7iOffhunM8AKTiA5lJmXpkH5B1W1Hm5qJIsV4JuejlNkV4A=="
    }
  }
}
